Microsoft Visual Studio Solution File, Format Version 12.00
# Visual Studio Version 17
VisualStudioVersion = 17.5.2.0
MinimumVisualStudioVersion = 10.0.40219.1
Project("{FAE04EC0-301F-11D3-BF4B-00C04F79EFBC}") = "SimpleKillFeed", "SimpleKillFeed.csproj", "{A8573032-E588-8BE5-76DA-A858A29FE8AB}"
EndProject
Global
	GlobalSection(SolutionConfigurationPlatforms) = preSolution
		Debug|Any CPU = Debug|Any CPU
		Release|Any CPU = Release|Any CPU
	EndGlobalSection
	GlobalSection(ProjectConfigurationPlatforms) = postSolution
		{A8573032-E588-8BE5-76DA-A858A29FE8AB}.Debug|Any CPU.ActiveCfg = Debug|Any CPU
		{A8573032-E588-8BE5-76DA-A858A29FE8AB}.Debug|Any CPU.Build.0 = Debug|Any CPU
		{A8573032-E588-8BE5-76DA-A858A29FE8AB}.Release|Any CPU.ActiveCfg = Release|Any CPU
		{A8573032-E588-8BE5-76DA-A858A29FE8AB}.Release|Any CPU.Build.0 = Release|Any CPU
	EndGlobalSection
	GlobalSection(SolutionProperties) = preSolution
		HideSolutionNode = FALSE
	EndGlobalSection
	GlobalSection(ExtensibilityGlobals) = postSolution
		SolutionGuid = {7A6AC4EC-0828-46A1-8275-ED1E1AF102A2}
	EndGlobalSection
EndGlobal
